// !$*UTF8*$!
{
	archiveVersion = 1;
	classes = {
	};
	objectVersion = 46;
	objects = {

/* Begin PBXBuildFile section */
		201E56DA1F609425005C2914 /* CustomCell.swift in Sources */ = {isa = PBXBuildFile; fileRef = 201E56D91F609425005C2914 /* CustomCell.swift */; };
		201E56DF1F609CFF005C2914 /* Item.swift in Sources */ = {isa = PBXBuildFile; fileRef = 201E56DE1F609CFF005C2914 /* Item.swift */; };
		20A8D4161F632C33003F833B /* PaymentCustomCell.swift in Sources */ = {isa = PBXBuildFile; fileRef = 20A8D4151F632C33003F833B /* PaymentCustomCell.swift */; };
		20A8D4181F634BE3003F833B /* OrderListener.swift in Sources */ = {isa = PBXBuildFile; fileRef = 20A8D4171F634BE3003F833B /* OrderListener.swift */; };
		20B687CF1F619D7B0075FAC9 /* Invoice.swift in Sources */ = {isa = PBXBuildFile; fileRef = 20B687CE1F619D7B0075FAC9 /* Invoice.swift */; };
		20B687D11F619DC90075FAC9 /* Customer.swift in Sources */ = {isa = PBXBuildFile; fileRef = 20B687D01F619DC90075FAC9 /* Customer.swift */; };
		20B687D31F619DD70075FAC9 /* Employee.swift in Sources */ = {isa = PBXBuildFile; fileRef = 20B687D21F619DD70075FAC9 /* Employee.swift */; };
		20B687D51F619DF70075FAC9 /* Payment.swift in Sources */ = {isa = PBXBuildFile; fileRef = 20B687D41F619DF70075FAC9 /* Payment.swift */; };
		20B687D71F619E180075FAC9 /* Modifier.swift in Sources */ = {isa = PBXBuildFile; fileRef = 20B687D61F619E180075FAC9 /* Modifier.swift */; };
		20B687D91F619E3E0075FAC9 /* Status.swift in Sources */ = {isa = PBXBuildFile; fileRef = 20B687D81F619E3E0075FAC9 /* Status.swift */; };
		20C5E0C11F61F70800A281D3 /* Discount.swift in Sources */ = {isa = PBXBuildFile; fileRef = 20C5E0C01F61F70800A281D3 /* Discount.swift */; };
		20DD5C911F55B0510094DA65 /* AppDelegate.swift in Sources */ = {isa = PBXBuildFile; fileRef = 20DD5C901F55B0510094DA65 /* AppDelegate.swift */; };
		20DD5C931F55B0510094DA65 /* ViewController.swift in Sources */ = {isa = PBXBuildFile; fileRef = 20DD5C921F55B0510094DA65 /* ViewController.swift */; };
		20DD5C961F55B0510094DA65 /* Main.storyboard in Resources */ = {isa = PBXBuildFile; fileRef = 20DD5C941F55B0510094DA65 /* Main.storyboard */; };
		20DD5C981F55B0510094DA65 /* Assets.xcassets in Resources */ = {isa = PBXBuildFile; fileRef = 20DD5C971F55B0510094DA65 /* Assets.xcassets */; };
		20DD5C9B1F55B0510094DA65 /* LaunchScreen.storyboard in Resources */ = {isa = PBXBuildFile; fileRef = 20DD5C991F55B0510094DA65 /* LaunchScreen.storyboard */; };
		20E901D71F5DECB900858D4A /* Api.swift in Sources */ = {isa = PBXBuildFile; fileRef = 20E901D61F5DECB900858D4A /* Api.swift */; };
		20F20F641F5F02D4003147D4 /* ClassCustomer.swift in Sources */ = {isa = PBXBuildFile; fileRef = 20F20F631F5F02D4003147D4 /* ClassCustomer.swift */; };
		20F20F661F5F0DDB003147D4 /* SalesCheck.swift in Sources */ = {isa = PBXBuildFile; fileRef = 20F20F651F5F0DDB003147D4 /* SalesCheck.swift */; };
		20F20F681F5F13BF003147D4 /* ClassItem.swift in Sources */ = {isa = PBXBuildFile; fileRef = 20F20F671F5F13BF003147D4 /* ClassItem.swift */; };
		20F20F6C1F5F2E99003147D4 /* ClassItemDetail.swift in Sources */ = {isa = PBXBuildFile; fileRef = 20F20F6B1F5F2E99003147D4 /* ClassItemDetail.swift */; };
		20F20F6E1F5F34B2003147D4 /* ClassPayment.swift in Sources */ = {isa = PBXBuildFile; fileRef = 20F20F6D1F5F34B2003147D4 /* ClassPayment.swift */; };
		20F20F701F5F400E003147D4 /* PaymentType.swift in Sources */ = {isa = PBXBuildFile; fileRef = 20F20F6F1F5F400E003147D4 /* PaymentType.swift */; };
		20F20F721F5F4F14003147D4 /* ClassStatus.swift in Sources */ = {isa = PBXBuildFile; fileRef = 20F20F711F5F4F14003147D4 /* ClassStatus.swift */; };
		20FF39811F6C3E9000127A8D /* CashRegister.swift in Sources */ = {isa = PBXBuildFile; fileRef = 20FF39801F6C3E9000127A8D /* CashRegister.swift */; };
		A9736CA92344EB9F3261D1FD /* Pods_DisplayUITests.framework in Frameworks */ = {isa = PBXBuildFile; fileRef = 83D91F1BDC08B8AC8336403F /* Pods_DisplayUITests.framework */; };
		CAB9150D58DDD6354712BBA1 /* Pods_Display.framework in Frameworks */ = {isa = PBXBuildFile; fileRef = 755904904131D978FA8A8958 /* Pods_Display.framework */; };
		CFCD587183C90AE902BFD8C5 /* Pods_DisplayTests.framework in Frameworks */ = {isa = PBXBuildFile; fileRef = FFF9A55543519002AE1DFFB7 /* Pods_DisplayTests.framework */; };
/* End PBXBuildFile section */

/* Begin PBXContainerItemProxy section */
		20DD5CA21F55B0520094DA65 /* PBXContainerItemProxy */ = {
			isa = PBXContainerItemProxy;
			containerPortal = 20DD5C851F55B0510094DA65 /* Project object */;
			proxyType = 1;
			remoteGlobalIDString = 20DD5C8C1F55B0510094DA65;
			remoteInfo = Display;
		};
		20DD5CAD1F55B0520094DA65 /* PBXContainerItemProxy */ = {
			isa = PBXContainerItemProxy;
			containerPortal = 20DD5C851F55B0510094DA65 /* Project object */;
			proxyType = 1;
			remoteGlobalIDString = 20DD5C8C1F55B0510094DA65;
			remoteInfo = Display;
		};
/* End PBXContainerItemProxy section */

/* Begin PBXFileReference section */
		04AE4022E3DEA36F80859AF7 /* Pods-Display.release.xcconfig */ = {isa = PBXFileReference; includeInIndex = 1; lastKnownFileType = text.xcconfig; name = "Pods-Display.release.xcconfig"; path = "Pods/Target Support Files/Pods-Display/Pods-Display.release.xcconfig"; sourceTree = "<group>"; };
		201E56D91F609425005C2914 /* CustomCell.swift */ = {isa = PBXFileReference; fileEncoding = 4; lastKnownFileType = sourcecode.swift; name = CustomCell.swift; path = Controllers/CustomCell.swift; sourceTree = "<group>"; };
		201E56DE1F609CFF005C2914 /* Item.swift */ = {isa = PBXFileReference; fileEncoding = 4; lastKnownFileType = sourcecode.swift; name = Item.swift; path = Models/Item.swift; sourceTree = "<group>"; };
		20A8D4151F632C33003F833B /* PaymentCustomCell.swift */ = {isa = PBXFileReference; fileEncoding = 4; lastKnownFileType = sourcecode.swift; name = PaymentCustomCell.swift; path = classes/PaymentCustomCell.swift; sourceTree = "<group>"; };
		20A8D4171F634BE3003F833B /* OrderListener.swift */ = {isa = PBXFileReference; fileEncoding = 4; lastKnownFileType = sourcecode.swift; name = OrderListener.swift; path = classes/OrderListener.swift; sourceTree = "<group>"; };
		20B687CE1F619D7B0075FAC9 /* Invoice.swift */ = {isa = PBXFileReference; fileEncoding = 4; lastKnownFileType = sourcecode.swift; name = Invoice.swift; path = Models/Invoice.swift; sourceTree = "<group>"; };
		20B687D01F619DC90075FAC9 /* Customer.swift */ = {isa = PBXFileReference; fileEncoding = 4; lastKnownFileType = sourcecode.swift; name = Customer.swift; path = Models/Customer.swift; sourceTree = "<group>"; };
		20B687D21F619DD70075FAC9 /* Employee.swift */ = {isa = PBXFileReference; fileEncoding = 4; lastKnownFileType = sourcecode.swift; name = Employee.swift; path = Models/Employee.swift; sourceTree = "<group>"; };
		20B687D41F619DF70075FAC9 /* Payment.swift */ = {isa = PBXFileReference; fileEncoding = 4; lastKnownFileType = sourcecode.swift; path = Payment.swift; sourceTree = "<group>"; };
		20B687D61F619E180075FAC9 /* Modifier.swift */ = {isa = PBXFileReference; fileEncoding = 4; lastKnownFileType = sourcecode.swift; name = Modifier.swift; path = Models/Modifier.swift; sourceTree = "<group>"; };
		20B687D81F619E3E0075FAC9 /* Status.swift */ = {isa = PBXFileReference; fileEncoding = 4; lastKnownFileType = sourcecode.swift; name = Status.swift; path = Models/Status.swift; sourceTree = "<group>"; };
		20C5E0C01F61F70800A281D3 /* Discount.swift */ = {isa = PBXFileReference; fileEncoding = 4; lastKnownFileType = sourcecode.swift; name = Discount.swift; path = Models/Discount.swift; sourceTree = "<group>"; };
		20DD5C8D1F55B0510094DA65 /* Display.app */ = {isa = PBXFileReference; explicitFileType = wrapper.application; includeInIndex = 0; path = Display.app; sourceTree = BUILT_PRODUCTS_DIR; };
		20DD5C901F55B0510094DA65 /* AppDelegate.swift */ = {isa = PBXFileReference; lastKnownFileType = sourcecode.swift; path = AppDelegate.swift; sourceTree = "<group>"; };
		20DD5C921F55B0510094DA65 /* ViewController.swift */ = {isa = PBXFileReference; lastKnownFileType = sourcecode.swift; path = ViewController.swift; sourceTree = "<group>"; };
		20DD5C951F55B0510094DA65 /* Base */ = {isa = PBXFileReference; lastKnownFileType = file.storyboard; name = Base; path = Base.lproj/Main.storyboard; sourceTree = "<group>"; };
		20DD5C971F55B0510094DA65 /* Assets.xcassets */ = {isa = PBXFileReference; lastKnownFileType = folder.assetcatalog; path = Assets.xcassets; sourceTree = "<group>"; };
		20DD5C9A1F55B0510094DA65 /* Base */ = {isa = PBXFileReference; lastKnownFileType = file.storyboard; name = Base; path = Base.lproj/LaunchScreen.storyboard; sourceTree = "<group>"; };
		20DD5C9C1F55B0510094DA65 /* Info.plist */ = {isa = PBXFileReference; lastKnownFileType = text.plist.xml; path = Info.plist; sourceTree = "<group>"; };
		20DD5CA11F55B0520094DA65 /* DisplayTests.xctest */ = {isa = PBXFileReference; explicitFileType = wrapper.cfbundle; includeInIndex = 0; path = DisplayTests.xctest; sourceTree = BUILT_PRODUCTS_DIR; };
		20DD5CAC1F55B0520094DA65 /* DisplayUITests.xctest */ = {isa = PBXFileReference; explicitFileType = wrapper.cfbundle; includeInIndex = 0; path = DisplayUITests.xctest; sourceTree = BUILT_PRODUCTS_DIR; };
		20E901D61F5DECB900858D4A /* Api.swift */ = {isa = PBXFileReference; fileEncoding = 4; lastKnownFileType = sourcecode.swift; name = Api.swift; path = utils/Api.swift; sourceTree = "<group>"; };
		20F20F631F5F02D4003147D4 /* ClassCustomer.swift */ = {isa = PBXFileReference; fileEncoding = 4; lastKnownFileType = sourcecode.swift; name = ClassCustomer.swift; path = classes/ClassCustomer.swift; sourceTree = "<group>"; };
		20F20F651F5F0DDB003147D4 /* SalesCheck.swift */ = {isa = PBXFileReference; fileEncoding = 4; lastKnownFileType = sourcecode.swift; name = SalesCheck.swift; path = classes/SalesCheck.swift; sourceTree = "<group>"; };
		20F20F671F5F13BF003147D4 /* ClassItem.swift */ = {isa = PBXFileReference; fileEncoding = 4; lastKnownFileType = sourcecode.swift; name = ClassItem.swift; path = classes/ClassItem.swift; sourceTree = "<group>"; };
		20F20F6B1F5F2E99003147D4 /* ClassItemDetail.swift */ = {isa = PBXFileReference; fileEncoding = 4; lastKnownFileType = sourcecode.swift; name = ClassItemDetail.swift; path = classes/ClassItemDetail.swift; sourceTree = "<group>"; };
		20F20F6D1F5F34B2003147D4 /* ClassPayment.swift */ = {isa = PBXFileReference; fileEncoding = 4; lastKnownFileType = sourcecode.swift; name = ClassPayment.swift; path = classes/ClassPayment.swift; sourceTree = "<group>"; };
		20F20F6F1F5F400E003147D4 /* PaymentType.swift */ = {isa = PBXFileReference; fileEncoding = 4; lastKnownFileType = sourcecode.swift; name = PaymentType.swift; path = classes/PaymentType.swift; sourceTree = "<group>"; };
		20F20F711F5F4F14003147D4 /* ClassStatus.swift */ = {isa = PBXFileReference; fileEncoding = 4; lastKnownFileType = sourcecode.swift; name = ClassStatus.swift; path = classes/ClassStatus.swift; sourceTree = "<group>"; };
		20FF39801F6C3E9000127A8D /* CashRegister.swift */ = {isa = PBXFileReference; fileEncoding = 4; lastKnownFileType = sourcecode.swift; name = CashRegister.swift; path = Models/CashRegister.swift; sourceTree = "<group>"; };
		2A6DDE4ED72B1DEDD4CFC962 /* Pods-DisplayTests.debug.xcconfig */ = {isa = PBXFileReference; includeInIndex = 1; lastKnownFileType = text.xcconfig; name = "Pods-DisplayTests.debug.xcconfig"; path = "Pods/Target Support Files/Pods-DisplayTests/Pods-DisplayTests.debug.xcconfig"; sourceTree = "<group>"; };
		6FEAFD323523DA36DCD8C4CE /* Pods-DisplayUITests.debug.xcconfig */ = {isa = PBXFileReference; includeInIndex = 1; lastKnownFileType = text.xcconfig; name = "Pods-DisplayUITests.debug.xcconfig"; path = "Pods/Target Support Files/Pods-DisplayUITests/Pods-DisplayUITests.debug.xcconfig"; sourceTree = "<group>"; };
		755904904131D978FA8A8958 /* Pods_Display.framework */ = {isa = PBXFileReference; explicitFileType = wrapper.framework; includeInIndex = 0; path = Pods_Display.framework; sourceTree = BUILT_PRODUCTS_DIR; };
		83D91F1BDC08B8AC8336403F /* Pods_DisplayUITests.framework */ = {isa = PBXFileReference; explicitFileType = wrapper.framework; includeInIndex = 0; path = Pods_DisplayUITests.framework; sourceTree = BUILT_PRODUCTS_DIR; };
		D26889CF7CA32E8D7C5B8519 /* Pods-DisplayUITests.release.xcconfig */ = {isa = PBXFileReference; includeInIndex = 1; lastKnownFileType = text.xcconfig; name = "Pods-DisplayUITests.release.xcconfig"; path = "Pods/Target Support Files/Pods-DisplayUITests/Pods-DisplayUITests.release.xcconfig"; sourceTree = "<group>"; };
		D55532BBCFF2A0041981B5A8 /* Pods-Display.debug.xcconfig */ = {isa = PBXFileReference; includeInIndex = 1; lastKnownFileType = text.xcconfig; name = "Pods-Display.debug.xcconfig"; path = "Pods/Target Support Files/Pods-Display/Pods-Display.debug.xcconfig"; sourceTree = "<group>"; };
		E0B9B7AF7300F77041AF646F /* Pods-DisplayTests.release.xcconfig */ = {isa = PBXFileReference; includeInIndex = 1; lastKnownFileType = text.xcconfig; name = "Pods-DisplayTests.release.xcconfig"; path = "Pods/Target Support Files/Pods-DisplayTests/Pods-DisplayTests.release.xcconfig"; sourceTree = "<group>"; };
		FFF9A55543519002AE1DFFB7 /* Pods_DisplayTests.framework */ = {isa = PBXFileReference; explicitFileType = wrapper.framework; includeInIndex = 0; path = Pods_DisplayTests.framework; sourceTree = BUILT_PRODUCTS_DIR; };
/* End PBXFileReference section */

/* Begin PBXFrameworksBuildPhase section */
		20DD5C8A1F55B0510094DA65 /* Frameworks */ = {
			isa = PBXFrameworksBuildPhase;
			buildActionMask = 2147483647;
			files = (
				CAB9150D58DDD6354712BBA1 /* Pods_Display.framework in Frameworks */,
			);
			runOnlyForDeploymentPostprocessing = 0;
		};
		20DD5C9E1F55B0520094DA65 /* Frameworks */ = {
			isa = PBXFrameworksBuildPhase;
			buildActionMask = 2147483647;
			files = (
				CFCD587183C90AE902BFD8C5 /* Pods_DisplayTests.framework in Frameworks */,
			);
			runOnlyForDeploymentPostprocessing = 0;
		};
		20DD5CA91F55B0520094DA65 /* Frameworks */ = {
			isa = PBXFrameworksBuildPhase;
			buildActionMask = 2147483647;
			files = (
				A9736CA92344EB9F3261D1FD /* Pods_DisplayUITests.framework in Frameworks */,
			);
			runOnlyForDeploymentPostprocessing = 0;
		};
/* End PBXFrameworksBuildPhase section */

/* Begin PBXGroup section */
		201E56DB1F609CAF005C2914 /* Models */ = {
			isa = PBXGroup;
			children = (
				201E56DE1F609CFF005C2914 /* Item.swift */,
				20B687CE1F619D7B0075FAC9 /* Invoice.swift */,
				20B687D01F619DC90075FAC9 /* Customer.swift */,
				20B687D21F619DD70075FAC9 /* Employee.swift */,
				20B687D41F619DF70075FAC9 /* Payment.swift */,
				20B687D61F619E180075FAC9 /* Modifier.swift */,
				20B687D81F619E3E0075FAC9 /* Status.swift */,
				20C5E0C01F61F70800A281D3 /* Discount.swift */,
				20FF39801F6C3E9000127A8D /* CashRegister.swift */,
			);
			name = Models;
			sourceTree = "<group>";
		};
		20DD5C841F55B0510094DA65 = {
			isa = PBXGroup;
			children = (
				20DD5C8F1F55B0510094DA65 /* Display */,
				20DD5C8E1F55B0510094DA65 /* Products */,
				4EC9062EB6F3537B2C3DD200 /* Pods */,
				964BD80990A0443033424931 /* Frameworks */,
			);
			sourceTree = "<group>";
		};
		20DD5C8E1F55B0510094DA65 /* Products */ = {
			isa = PBXGroup;
			children = (
				20DD5C8D1F55B0510094DA65 /* Display.app */,
				20DD5CA11F55B0520094DA65 /* DisplayTests.xctest */,
				20DD5CAC1F55B0520094DA65 /* DisplayUITests.xctest */,
			);
			name = Products;
			sourceTree = "<group>";
		};
		20DD5C8F1F55B0510094DA65 /* Display */ = {
			isa = PBXGroup;
			children = (
				201E56DB1F609CAF005C2914 /* Models */,
				20F20F621F5F0282003147D4 /* Classes */,
				20E901D51F5DEC5C00858D4A /* utils */,
				20DD5C901F55B0510094DA65 /* AppDelegate.swift */,
				20DD5C921F55B0510094DA65 /* ViewController.swift */,
				20DD5C941F55B0510094DA65 /* Main.storyboard */,
				20DD5C971F55B0510094DA65 /* Assets.xcassets */,
				20DD5C991F55B0510094DA65 /* LaunchScreen.storyboard */,
				20DD5C9C1F55B0510094DA65 /* Info.plist */,
			);
			path = Display;
			sourceTree = "<group>";
		};
		20E901D51F5DEC5C00858D4A /* utils */ = {
			isa = PBXGroup;
			children = (
				20E901D61F5DECB900858D4A /* Api.swift */,
			);
			name = utils;
			sourceTree = "<group>";
		};
		20F20F621F5F0282003147D4 /* Classes */ = {
			isa = PBXGroup;
			children = (
				201E56D91F609425005C2914 /* CustomCell.swift */,
				20A8D4151F632C33003F833B /* PaymentCustomCell.swift */,
				20F20F631F5F02D4003147D4 /* ClassCustomer.swift */,
				20F20F651F5F0DDB003147D4 /* SalesCheck.swift */,
				20F20F671F5F13BF003147D4 /* ClassItem.swift */,
				20F20F6B1F5F2E99003147D4 /* ClassItemDetail.swift */,
				20F20F6D1F5F34B2003147D4 /* ClassPayment.swift */,
				20F20F6F1F5F400E003147D4 /* PaymentType.swift */,
				20F20F711F5F4F14003147D4 /* ClassStatus.swift */,
				20A8D4171F634BE3003F833B /* OrderListener.swift */,
			);
			name = Classes;
			sourceTree = "<group>";
		};
		4EC9062EB6F3537B2C3DD200 /* Pods */ = {
			isa = PBXGroup;
			children = (
				D55532BBCFF2A0041981B5A8 /* Pods-Display.debug.xcconfig */,
				04AE4022E3DEA36F80859AF7 /* Pods-Display.release.xcconfig */,
				2A6DDE4ED72B1DEDD4CFC962 /* Pods-DisplayTests.debug.xcconfig */,
				E0B9B7AF7300F77041AF646F /* Pods-DisplayTests.release.xcconfig */,
				6FEAFD323523DA36DCD8C4CE /* Pods-DisplayUITests.debug.xcconfig */,
				D26889CF7CA32E8D7C5B8519 /* Pods-DisplayUITests.release.xcconfig */,
			);
			name = Pods;
			sourceTree = "<group>";
		};
		964BD80990A0443033424931 /* Frameworks */ = {
			isa = PBXGroup;
			children = (
				755904904131D978FA8A8958 /* Pods_Display.framework */,
				FFF9A55543519002AE1DFFB7 /* Pods_DisplayTests.framework */,
				83D91F1BDC08B8AC8336403F /* Pods_DisplayUITests.framework */,
			);
			name = Frameworks;
			sourceTree = "<group>";
		};
/* End PBXGroup section */

/* Begin PBXNativeTarget section */
		20DD5C8C1F55B0510094DA65 /* Display */ = {
			isa = PBXNativeTarget;
			buildConfigurationList = 20DD5CB51F55B0520094DA65 /* Build configuration list for PBXNativeTarget "Display" */;
			buildPhases = (
				508CB3BACBF2CFEB753F7E8F /* [CP] Check Pods Manifest.lock */,
				20DD5C891F55B0510094DA65 /* Sources */,
				20DD5C8A1F55B0510094DA65 /* Frameworks */,
				20DD5C8B1F55B0510094DA65 /* Resources */,
				9991217CB440FE8DF618394C /* [CP] Embed Pods Frameworks */,
				97804287393CBB25310D87CB /* [CP] Copy Pods Resources */,
			);
			buildRules = (
			);
			dependencies = (
			);
			name = Display;
			productName = Display;
			productReference = 20DD5C8D1F55B0510094DA65 /* Display.app */;
			productType = "com.apple.product-type.application";
		};
		20DD5CA01F55B0520094DA65 /* DisplayTests */ = {
			isa = PBXNativeTarget;
			buildConfigurationList = 20DD5CB81F55B0520094DA65 /* Build configuration list for PBXNativeTarget "DisplayTests" */;
			buildPhases = (
				E7AA9BFC2A94B213BFE573B8 /* [CP] Check Pods Manifest.lock */,
				20DD5C9D1F55B0520094DA65 /* Sources */,
				20DD5C9E1F55B0520094DA65 /* Frameworks */,
				20DD5C9F1F55B0520094DA65 /* Resources */,
				F111820BC7D90C7D402D8541 /* [CP] Embed Pods Frameworks */,
				1FEECDDB0309D71507F6BE32 /* [CP] Copy Pods Resources */,
			);
			buildRules = (
			);
			dependencies = (
				20DD5CA31F55B0520094DA65 /* PBXTargetDependency */,
			);
			name = DisplayTests;
			productName = DisplayTests;
			productReference = 20DD5CA11F55B0520094DA65 /* DisplayTests.xctest */;
			productType = "com.apple.product-type.bundle.unit-test";
		};
		20DD5CAB1F55B0520094DA65 /* DisplayUITests */ = {
			isa = PBXNativeTarget;
			buildConfigurationList = 20DD5CBB1F55B0520094DA65 /* Build configuration list for PBXNativeTarget "DisplayUITests" */;
			buildPhases = (
				6FF378EB54E4A20713BF19BB /* [CP] Check Pods Manifest.lock */,
				20DD5CA81F55B0520094DA65 /* Sources */,
				20DD5CA91F55B0520094DA65 /* Frameworks */,
				20DD5CAA1F55B0520094DA65 /* Resources */,
				B7837C982AC94C49B5555E70 /* [CP] Embed Pods Frameworks */,
				30830BB3556BAC670D191E8B /* [CP] Copy Pods Resources */,
			);
			buildRules = (
			);
			dependencies = (
				20DD5CAE1F55B0520094DA65 /* PBXTargetDependency */,
			);
			name = DisplayUITests;
			productName = DisplayUITests;
			productReference = 20DD5CAC1F55B0520094DA65 /* DisplayUITests.xctest */;
			productType = "com.apple.product-type.bundle.ui-testing";
		};
/* End PBXNativeTarget section */

/* Begin PBXProject section */
		20DD5C851F55B0510094DA65 /* Project object */ = {
			isa = PBXProject;
			attributes = {
				LastSwiftUpdateCheck = 0830;
				LastUpgradeCheck = 0830;
				ORGANIZATIONNAME = pinneapple;
				TargetAttributes = {
					20DD5C8C1F55B0510094DA65 = {
						CreatedOnToolsVersion = 8.3.3;
						DevelopmentTeam = MQ5RJ8B5V8;
						ProvisioningStyle = Automatic;
					};
					20DD5CA01F55B0520094DA65 = {
						CreatedOnToolsVersion = 8.3.3;
						ProvisioningStyle = Automatic;
						TestTargetID = 20DD5C8C1F55B0510094DA65;
					};
					20DD5CAB1F55B0520094DA65 = {
						CreatedOnToolsVersion = 8.3.3;
						ProvisioningStyle = Automatic;
						TestTargetID = 20DD5C8C1F55B0510094DA65;
					};
				};
			};
			buildConfigurationList = 20DD5C881F55B0510094DA65 /* Build configuration list for PBXProject "Display" */;
			compatibilityVersion = "Xcode 3.2";
			developmentRegion = English;
			hasScannedForEncodings = 0;
			knownRegions = (
				en,
				Base,
			);
			mainGroup = 20DD5C841F55B0510094DA65;
			productRefGroup = 20DD5C8E1F55B0510094DA65 /* Products */;
			projectDirPath = "";
			projectRoot = "";
			targets = (
				20DD5C8C1F55B0510094DA65 /* Display */,
				20DD5CA01F55B0520094DA65 /* DisplayTests */,
				20DD5CAB1F55B0520094DA65 /* DisplayUITests */,
			);
		};
/* End PBXProject section */

/* Begin PBXResourcesBuildPhase section */
		20DD5C8B1F55B0510094DA65 /* Resources */ = {
			isa = PBXResourcesBuildPhase;
			buildActionMask = 2147483647;
			files = (
				20DD5C9B1F55B0510094DA65 /* LaunchScreen.storyboard in Resources */,
				20DD5C981F55B0510094DA65 /* Assets.xcassets in Resources */,
				20DD5C961F55B0510094DA65 /* Main.storyboard in Resources */,
			);
			runOnlyForDeploymentPostprocessing = 0;
		};
		20DD5C9F1F55B0520094DA65 /* Resources */ = {
			isa = PBXResourcesBuildPhase;
			buildActionMask = 2147483647;
			files = (
			);
			runOnlyForDeploymentPostprocessing = 0;
		};
		20DD5CAA1F55B0520094DA65 /* Resources */ = {
			isa = PBXResourcesBuildPhase;
			buildActionMask = 2147483647;
			files = (
			);
			runOnlyForDeploymentPostprocessing = 0;
		};
/* End PBXResourcesBuildPhase section */

/* Begin PBXShellScriptBuildPhase section */
		1FEECDDB0309D71507F6BE32 /* [CP] Copy Pods Resources */ = {
			isa = PBXShellScriptBuildPhase;
			buildActionMask = 2147483647;
			files = (
			);
			inputPaths = (
			);
			name = "[CP] Copy Pods Resources";
			outputPaths = (
			);
			runOnlyForDeploymentPostprocessing = 0;
			shellPath = /bin/sh;
			shellScript = "\"${SRCROOT}/Pods/Target Support Files/Pods-DisplayTests/Pods-DisplayTests-resources.sh\"\n";
			showEnvVarsInLog = 0;
		};
		30830BB3556BAC670D191E8B /* [CP] Copy Pods Resources */ = {
			isa = PBXShellScriptBuildPhase;
			buildActionMask = 2147483647;
			files = (
			);
			inputPaths = (
			);
			name = "[CP] Copy Pods Resources";
			outputPaths = (
			);
			runOnlyForDeploymentPostprocessing = 0;
			shellPath = /bin/sh;
			shellScript = "\"${SRCROOT}/Pods/Target Support Files/Pods-DisplayUITests/Pods-DisplayUITests-resources.sh\"\n";
			showEnvVarsInLog = 0;
		};
		508CB3BACBF2CFEB753F7E8F /* [CP] Check Pods Manifest.lock */ = {
			isa = PBXShellScriptBuildPhase;
			buildActionMask = 2147483647;
			files = (
			);
			inputPaths = (
				"${PODS_PODFILE_DIR_PATH}/Podfile.lock",
				"${PODS_ROOT}/Manifest.lock",
			);
			name = "[CP] Check Pods Manifest.lock";
			outputPaths = (
				"$(DERIVED_FILE_DIR)/Pods-Display-checkManifestLockResult.txt",
			);
			runOnlyForDeploymentPostprocessing = 0;
			shellPath = /bin/sh;
			shellScript = "diff \"${PODS_PODFILE_DIR_PATH}/Podfile.lock\" \"${PODS_ROOT}/Manifest.lock\" > /dev/null\nif [ $? != 0 ] ; then\n    # print error to STDERR\n    echo \"error: The sandbox is not in sync with the Podfile.lock. Run 'pod install' or update your CocoaPods installation.\" >&2\n    exit 1\nfi\n# This output is used by Xcode 'outputs' to avoid re-running this script phase.\necho \"SUCCESS\" > \"${SCRIPT_OUTPUT_FILE_0}\"\n";
			showEnvVarsInLog = 0;
		};
		6FF378EB54E4A20713BF19BB /* [CP] Check Pods Manifest.lock */ = {
			isa = PBXShellScriptBuildPhase;
			buildActionMask = 2147483647;
			files = (
			);
			inputPaths = (
				"${PODS_PODFILE_DIR_PATH}/Podfile.lock",
				"${PODS_ROOT}/Manifest.lock",
			);
			name = "[CP] Check Pods Manifest.lock";
			outputPaths = (
				"$(DERIVED_FILE_DIR)/Pods-DisplayUITests-checkManifestLockResult.txt",
			);
			runOnlyForDeploymentPostprocessing = 0;
			shellPath = /bin/sh;
			shellScript = "diff \"${PODS_PODFILE_DIR_PATH}/Podfile.lock\" \"${PODS_ROOT}/Manifest.lock\" > /dev/null\nif [ $? != 0 ] ; then\n    # print error to STDERR\n    echo \"error: The sandbox is not in sync with the Podfile.lock. Run 'pod install' or update your CocoaPods installation.\" >&2\n    exit 1\nfi\n# This output is used by Xcode 'outputs' to avoid re-running this script phase.\necho \"SUCCESS\" > \"${SCRIPT_OUTPUT_FILE_0}\"\n";
			showEnvVarsInLog = 0;
		};
		97804287393CBB25310D87CB /* [CP] Copy Pods Resources */ = {
			isa = PBXShellScriptBuildPhase;
			buildActionMask = 2147483647;
			files = (
			);
			inputPaths = (
			);
			name = "[CP] Copy Pods Resources";
			outputPaths = (
			);
			runOnlyForDeploymentPostprocessing = 0;
			shellPath = /bin/sh;
			shellScript = "\"${SRCROOT}/Pods/Target Support Files/Pods-Display/Pods-Display-resources.sh\"\n";
			showEnvVarsInLog = 0;
		};
		9991217CB440FE8DF618394C /* [CP] Embed Pods Frameworks */ = {
			isa = PBXShellScriptBuildPhase;
			buildActionMask = 2147483647;
			files = (
			);
			inputPaths = (
				"${SRCROOT}/Pods/Target Support Files/Pods-Display/Pods-Display-frameworks.sh",
				"${BUILT_PRODUCTS_DIR}/Alamofire/Alamofire.framework",
				"${BUILT_PRODUCTS_DIR}/AlamofireImage/AlamofireImage.framework",
				"${BUILT_PRODUCTS_DIR}/AlamofireObjectMapper/AlamofireObjectMapper.framework",
				"${BUILT_PRODUCTS_DIR}/ObjectMapper/ObjectMapper.framework",
				"${BUILT_PRODUCTS_DIR}/PromiseKit/PromiseKit.framework",
				"${BUILT_PRODUCTS_DIR}/SwiftyJSON/SwiftyJSON.framework",
			);
			name = "[CP] Embed Pods Frameworks";
			outputPaths = (
				"${TARGET_BUILD_DIR}/${FRAMEWORKS_FOLDER_PATH}/Alamofire.framework",
				"${TARGET_BUILD_DIR}/${FRAMEWORKS_FOLDER_PATH}/AlamofireImage.framework",
				"${TARGET_BUILD_DIR}/${FRAMEWORKS_FOLDER_PATH}/AlamofireObjectMapper.framework",
				"${TARGET_BUILD_DIR}/${FRAMEWORKS_FOLDER_PATH}/ObjectMapper.framework",
				"${TARGET_BUILD_DIR}/${FRAMEWORKS_FOLDER_PATH}/PromiseKit.framework",
				"${TARGET_BUILD_DIR}/${FRAMEWORKS_FOLDER_PATH}/SwiftyJSON.framework",
			);
			runOnlyForDeploymentPostprocessing = 0;
			shellPath = /bin/sh;
			shellScript = "\"${SRCROOT}/Pods/Target Support Files/Pods-Display/Pods-Display-frameworks.sh\"\n";
			showEnvVarsInLog = 0;
		};
		B7837C982AC94C49B5555E70 /* [CP] Embed Pods Frameworks */ = {
			isa = PBXShellScriptBuildPhase;
			buildActionMask = 2147483647;
			files = (
			);
			inputPaths = (
			);
			name = "[CP] Embed Pods Frameworks";
			outputPaths = (
			);
			runOnlyForDeploymentPostprocessing = 0;
			shellPath = /bin/sh;
			shellScript = "\"${SRCROOT}/Pods/Target Support Files/Pods-DisplayUITests/Pods-DisplayUITests-frameworks.sh\"\n";
			showEnvVarsInLog = 0;
		};
		E7AA9BFC2A94B213BFE573B8 /* [CP] Check Pods Manifest.lock */ = {
			isa = PBXShellScriptBuildPhase;
			buildActionMask = 2147483647;
			files = (
			);
			inputPaths = (
				"${PODS_PODFILE_DIR_PATH}/Podfile.lock",
				"${PODS_ROOT}/Manifest.lock",
			);
			name = "[CP] Check Pods Manifest.lock";
			outputPaths = (
				"$(DERIVED_FILE_DIR)/Pods-DisplayTests-checkManifestLockResult.txt",
			);
			runOnlyForDeploymentPostprocessing = 0;
			shellPath = /bin/sh;
			shellScript = "diff \"${PODS_PODFILE_DIR_PATH}/Podfile.lock\" \"${PODS_ROOT}/Manifest.lock\" > /dev/null\nif [ $? != 0 ] ; then\n    # print error to STDERR\n    echo \"error: The sandbox is not in sync with the Podfile.lock. Run 'pod install' or update your CocoaPods installation.\" >&2\n    exit 1\nfi\n# This output is used by Xcode 'outputs' to avoid re-running this script phase.\necho \"SUCCESS\" > \"${SCRIPT_OUTPUT_FILE_0}\"\n";
			showEnvVarsInLog = 0;
		};
		F111820BC7D90C7D402D8541 /* [CP] Embed Pods Frameworks */ = {
			isa = PBXShellScriptBuildPhase;
			buildActionMask = 2147483647;
			files = (
			);
			inputPaths = (
			);
			name = "[CP] Embed Pods Frameworks";
			outputPaths = (
			);
			runOnlyForDeploymentPostprocessing = 0;
			shellPath = /bin/sh;
			shellScript = "\"${SRCROOT}/Pods/Target Support Files/Pods-DisplayTests/Pods-DisplayTests-frameworks.sh\"\n";
			showEnvVarsInLog = 0;
		};
/* End PBXShellScriptBuildPhase section */

/* Begin PBXSourcesBuildPhase section */
		20DD5C891F55B0510094DA65 /* Sources */ = {
			isa = PBXSourcesBuildPhase;
			buildActionMask = 2147483647;
			files = (
				20F20F641F5F02D4003147D4 /* ClassCustomer.swift in Sources */,
				20FF39811F6C3E9000127A8D /* CashRegister.swift in Sources */,
				20B687D51F619DF70075FAC9 /* Payment.swift in Sources */,
				20E901D71F5DECB900858D4A /* Api.swift in Sources */,
				20F20F701F5F400E003147D4 /* PaymentType.swift in Sources */,
				20B687CF1F619D7B0075FAC9 /* Invoice.swift in Sources */,
				20DD5C931F55B0510094DA65 /* ViewController.swift in Sources */,
				20F20F721F5F4F14003147D4 /* ClassStatus.swift in Sources */,
				20B687D11F619DC90075FAC9 /* Customer.swift in Sources */,
				20B687D71F619E180075FAC9 /* Modifier.swift in Sources */,
				20DD5C911F55B0510094DA65 /* AppDelegate.swift in Sources */,
				20C5E0C11F61F70800A281D3 /* Discount.swift in Sources */,
				20B687D31F619DD70075FAC9 /* Employee.swift in Sources */,
				201E56DF1F609CFF005C2914 /* Item.swift in Sources */,
				201E56DA1F609425005C2914 /* CustomCell.swift in Sources */,
				20F20F6C1F5F2E99003147D4 /* ClassItemDetail.swift in Sources */,
				20F20F681F5F13BF003147D4 /* ClassItem.swift in Sources */,
				20F20F6E1F5F34B2003147D4 /* ClassPayment.swift in Sources */,
				20A8D4181F634BE3003F833B /* OrderListener.swift in Sources */,
				20B687D91F619E3E0075FAC9 /* Status.swift in Sources */,
				20F20F661F5F0DDB003147D4 /* SalesCheck.swift in Sources */,
				20A8D4161F632C33003F833B /* PaymentCustomCell.swift in Sources */,
			);
			runOnlyForDeploymentPostprocessing = 0;
		};
		20DD5C9D1F55B0520094DA65 /* Sources */ = {
			isa = PBXSourcesBuildPhase;
			buildActionMask = 2147483647;
			files = (
			);
			runOnlyForDeploymentPostprocessing = 0;
		};
		20DD5CA81F55B0520094DA65 /* Sources */ = {
			isa = PBXSourcesBuildPhase;
			buildActionMask = 2147483647;
			files = (
			);
			runOnlyForDeploymentPostprocessing = 0;
		};
/* End PBXSourcesBuildPhase section */

/* Begin PBXTargetDependency section */
		20DD5CA31F55B0520094DA65 /* PBXTargetDependency */ = {
			isa = PBXTargetDependency;
			target = 20DD5C8C1F55B0510094DA65 /* Display */;
			targetProxy = 20DD5CA21F55B0520094DA65 /* PBXContainerItemProxy */;
		};
		20DD5CAE1F55B0520094DA65 /* PBXTargetDependency */ = {
			isa = PBXTargetDependency;
			target = 20DD5C8C1F55B0510094DA65 /* Display */;
			targetProxy = 20DD5CAD1F55B0520094DA65 /* PBXContainerItemProxy */;
		};
/* End PBXTargetDependency section */

/* Begin PBXVariantGroup section */
		20DD5C941F55B0510094DA65 /* Main.storyboard */ = {
			isa = PBXVariantGroup;
			children = (
				20DD5C951F55B0510094DA65 /* Base */,
			);
			name = Main.storyboard;
			sourceTree = "<group>";
		};
		20DD5C991F55B0510094DA65 /* LaunchScreen.storyboard */ = {
			isa = PBXVariantGroup;
			children = (
				20DD5C9A1F55B0510094DA65 /* Base */,
			);
			name = LaunchScreen.storyboard;
			sourceTree = "<group>";
		};
/* End PBXVariantGroup section */

/* Begin XCBuildConfiguration section */
		20DD5CB31F55B0520094DA65 /* Debug */ = {
			isa = XCBuildConfiguration;
			buildSettings = {
				ALWAYS_SEARCH_USER_PATHS = NO;
				CLANG_ANALYZER_NONNULL = YES;
				CLANG_ANALYZER_NUMBER_OBJECT_CONVERSION = YES_AGGRESSIVE;
				CLANG_CXX_LANGUAGE_STANDARD = "gnu++0x";
				CLANG_CXX_LIBRARY = "libc++";
				CLANG_ENABLE_MODULES = YES;
				CLANG_ENABLE_OBJC_ARC = YES;
				CLANG_WARN_BOOL_CONVERSION = YES;
				CLANG_WARN_CONSTANT_CONVERSION = YES;
				CLANG_WARN_DIRECT_OBJC_ISA_USAGE = YES_ERROR;
				CLANG_WARN_DOCUMENTATION_COMMENTS = YES;
				CLANG_WARN_EMPTY_BODY = YES;
				CLANG_WARN_ENUM_CONVERSION = YES;
				CLANG_WARN_INFINITE_RECURSION = YES;
				CLANG_WARN_INT_CONVERSION = YES;
				CLANG_WARN_OBJC_ROOT_CLASS = YES_ERROR;
				CLANG_WARN_SUSPICIOUS_MOVE = YES;
				CLANG_WARN_UNREACHABLE_CODE = YES;
				CLANG_WARN__DUPLICATE_METHOD_MATCH = YES;
				"CODE_SIGN_IDENTITY[sdk=iphoneos*]" = "iPhone Developer";
				COPY_PHASE_STRIP = NO;
				DEBUG_INFORMATION_FORMAT = dwarf;
				ENABLE_STRICT_OBJC_MSGSEND = YES;
				ENABLE_TESTABILITY = YES;
				GCC_C_LANGUAGE_STANDARD = gnu99;
				GCC_DYNAMIC_NO_PIC = NO;
				GCC_NO_COMMON_BLOCKS = YES;
				GCC_OPTIMIZATION_LEVEL = 0;
				GCC_PREPROCESSOR_DEFINITIONS = (
					"DEBUG=1",
					"$(inherited)",
				);
				GCC_WARN_64_TO_32_BIT_CONVERSION = YES;
				GCC_WARN_ABOUT_RETURN_TYPE = YES_ERROR;
				GCC_WARN_UNDECLARED_SELECTOR = YES;
				GCC_WARN_UNINITIALIZED_AUTOS = YES_AGGRESSIVE;
				GCC_WARN_UNUSED_FUNCTION = YES;
				GCC_WARN_UNUSED_VARIABLE = YES;
				IPHONEOS_DEPLOYMENT_TARGET = 10.3;
				MTL_ENABLE_DEBUG_INFO = YES;
				ONLY_ACTIVE_ARCH = YES;
				SDKROOT = iphoneos;
				SWIFT_ACTIVE_COMPILATION_CONDITIONS = DEBUG;
				SWIFT_OPTIMIZATION_LEVEL = "-Onone";
				TARGETED_DEVICE_FAMILY = "1,2";
			};
			name = Debug;
		};
		20DD5CB41F55B0520094DA65 /* Release */ = {
			isa = XCBuildConfiguration;
			buildSettings = {
				ALWAYS_SEARCH_USER_PATHS = NO;
				CLANG_ANALYZER_NONNULL = YES;
				CLANG_ANALYZER_NUMBER_OBJECT_CONVERSION = YES_AGGRESSIVE;
				CLANG_CXX_LANGUAGE_STANDARD = "gnu++0x";
				CLANG_CXX_LIBRARY = "libc++";
				CLANG_ENABLE_MODULES = YES;
				CLANG_ENABLE_OBJC_ARC = YES;
				CLANG_WARN_BOOL_CONVERSION = YES;
				CLANG_WARN_CONSTANT_CONVERSION = YES;
				CLANG_WARN_DIRECT_OBJC_ISA_USAGE = YES_ERROR;
				CLANG_WARN_DOCUMENTATION_COMMENTS = YES;
				CLANG_WARN_EMPTY_BODY = YES;
				CLANG_WARN_ENUM_CONVERSION = YES;
				CLANG_WARN_INFINITE_RECURSION = YES;
				CLANG_WARN_INT_CONVERSION = YES;
				CLANG_WARN_OBJC_ROOT_CLASS = YES_ERROR;
				CLANG_WARN_SUSPICIOUS_MOVE = YES;
				CLANG_WARN_UNREACHABLE_CODE = YES;
				CLANG_WARN__DUPLICATE_METHOD_MATCH = YES;
				"CODE_SIGN_IDENTITY[sdk=iphoneos*]" = "iPhone Developer";
				COPY_PHASE_STRIP = NO;
				DEBUG_INFORMATION_FORMAT = "dwarf-with-dsym";
				ENABLE_NS_ASSERTIONS = NO;
				ENABLE_STRICT_OBJC_MSGSEND = YES;
				GCC_C_LANGUAGE_STANDARD = gnu99;
				GCC_NO_COMMON_BLOCKS = YES;
				GCC_WARN_64_TO_32_BIT_CONVERSION = YES;
				GCC_WARN_ABOUT_RETURN_TYPE = YES_ERROR;
				GCC_WARN_UNDECLARED_SELECTOR = YES;
				GCC_WARN_UNINITIALIZED_AUTOS = YES_AGGRESSIVE;
				GCC_WARN_UNUSED_FUNCTION = YES;
				GCC_WARN_UNUSED_VARIABLE = YES;
				IPHONEOS_DEPLOYMENT_TARGET = 10.3;
				MTL_ENABLE_DEBUG_INFO = NO;
				SDKROOT = iphoneos;
				SWIFT_OPTIMIZATION_LEVEL = "-Owholemodule";
				TARGETED_DEVICE_FAMILY = "1,2";
				VALIDATE_PRODUCT = YES;
			};
			name = Release;
		};
		20DD5CB61F55B0520094DA65 /* Debug */ = {
			isa = XCBuildConfiguration;
			baseConfigurationReference = D55532BBCFF2A0041981B5A8 /* Pods-Display.debug.xcconfig */;
			buildSettings = {
				ASSETCATALOG_COMPILER_APPICON_NAME = AppIcon;
				DEVELOPMENT_TEAM = MQ5RJ8B5V8;
				INFOPLIST_FILE = Display/Info.plist;
				IPHONEOS_DEPLOYMENT_TARGET = 9.3;
				LD_RUNPATH_SEARCH_PATHS = "$(inherited) @executable_path/Frameworks";
				PRODUCT_BUNDLE_IDENTIFIER = com.invu.Display;
				PRODUCT_NAME = "$(TARGET_NAME)";
				SWIFT_VERSION = 3.0;
				TARGETED_DEVICE_FAMILY = "1,2";
			};
			name = Debug;
		};
		20DD5CB71F55B0520094DA65 /* Release */ = {
			isa = XCBuildConfiguration;
			baseConfigurationReference = 04AE4022E3DEA36F80859AF7 /* Pods-Display.release.xcconfig */;
			buildSettings = {
				ASSETCATALOG_COMPILER_APPICON_NAME = AppIcon;
				DEVELOPMENT_TEAM = MQ5RJ8B5V8;
				INFOPLIST_FILE = Display/Info.plist;
				IPHONEOS_DEPLOYMENT_TARGET = 9.3;
				LD_RUNPATH_SEARCH_PATHS = "$(inherited) @executable_path/Frameworks";
				PRODUCT_BUNDLE_IDENTIFIER = com.invu.Display;
				PRODUCT_NAME = "$(TARGET_NAME)";
				SWIFT_VERSION = 3.0;
				TARGETED_DEVICE_FAMILY = "1,2";
			};
			name = Release;
		};
		20DD5CB91F55B0520094DA65 /* Debug */ = {
			isa = XCBuildConfiguration;
			baseConfigurationReference = 2A6DDE4ED72B1DEDD4CFC962 /* Pods-DisplayTests.debug.xcconfig */;
			buildSettings = {
				ALWAYS_EMBED_SWIFT_STANDARD_LIBRARIES = YES;
				BUNDLE_LOADER = "$(TEST_HOST)";
				INFOPLIST_FILE = DisplayTests/Info.plist;
				LD_RUNPATH_SEARCH_PATHS = "$(inherited) @executable_path/Frameworks @loader_path/Frameworks";
				PRODUCT_BUNDLE_IDENTIFIER = com.invu.DisplayTests;
				PRODUCT_NAME = "$(TARGET_NAME)";
				SWIFT_VERSION = 3.0;
				TEST_HOST = "$(BUILT_PRODUCTS_DIR)/Display.app/Display";
			};
			name = Debug;
		};
		20DD5CBA1F55B0520094DA65 /* Release */ = {
			isa = XCBuildConfiguration;
			baseConfigurationReference = E0B9B7AF7300F77041AF646F /* Pods-DisplayTests.release.xcconfig */;
			buildSettings = {
				ALWAYS_EMBED_SWIFT_STANDARD_LIBRARIES = YES;
				BUNDLE_LOADER = "$(TEST_HOST)";
				INFOPLIST_FILE = DisplayTests/Info.plist;
				LD_RUNPATH_SEARCH_PATHS = "$(inherited) @executable_path/Frameworks @loader_path/Frameworks";
				PRODUCT_BUNDLE_IDENTIFIER = com.invu.DisplayTests;
				PRODUCT_NAME = "$(TARGET_NAME)";
				SWIFT_VERSION = 3.0;
				TEST_HOST = "$(BUILT_PRODUCTS_DIR)/Display.app/Display";
			};
			name = Release;
		};
		20DD5CBC1F55B0520094DA65 /* Debug */ = {
			isa = XCBuildConfiguration;
			baseConfigurationReference = 6FEAFD323523DA36DCD8C4CE /* Pods-DisplayUITests.debug.xcconfig */;
			buildSettings = {
				ALWAYS_EMBED_SWIFT_STANDARD_LIBRARIES = YES;
				INFOPLIST_FILE = DisplayUITests/Info.plist;
				LD_RUNPATH_SEARCH_PATHS = "$(inherited) @executable_path/Frameworks @loader_path/Frameworks";
				PRODUCT_BUNDLE_IDENTIFIER = com.invu.DisplayUITests;
				PRODUCT_NAME = "$(TARGET_NAME)";
				SWIFT_VERSION = 3.0;
				TEST_TARGET_NAME = Display;
			};
			name = Debug;
		};
		20DD5CBD1F55B0520094DA65 /* Release */ = {
			isa = XCBuildConfiguration;
			baseConfigurationReference = D26889CF7CA32E8D7C5B8519 /* Pods-DisplayUITests.release.xcconfig */;
			buildSettings = {
				ALWAYS_EMBED_SWIFT_STANDARD_LIBRARIES = YES;
				INFOPLIST_FILE = DisplayUITests/Info.plist;
				LD_RUNPATH_SEARCH_PATHS = "$(inherited) @executable_path/Frameworks @loader_path/Frameworks";
				PRODUCT_BUNDLE_IDENTIFIER = com.invu.DisplayUITests;
				PRODUCT_NAME = "$(TARGET_NAME)";
				SWIFT_VERSION = 3.0;
				TEST_TARGET_NAME = Display;
			};
			name = Release;
		};
/* End XCBuildConfiguration section */

/* Begin XCConfigurationList section */
		20DD5C881F55B0510094DA65 /* Build configuration list for PBXProject "Display" */ = {
			isa = XCConfigurationList;
			buildConfigurations = (
				20DD5CB31F55B0520094DA65 /* Debug */,
				20DD5CB41F55B0520094DA65 /* Release */,
			);
			defaultConfigurationIsVisible = 0;
			defaultConfigurationName = Release;
		};
		20DD5CB51F55B0520094DA65 /* Build configuration list for PBXNativeTarget "Display" */ = {
			isa = XCConfigurationList;
			buildConfigurations = (
				20DD5CB61F55B0520094DA65 /* Debug */,
				20DD5CB71F55B0520094DA65 /* Release */,
			);
			defaultConfigurationIsVisible = 0;
			defaultConfigurationName = Release;
		};
		20DD5CB81F55B0520094DA65 /* Build configuration list for PBXNativeTarget "DisplayTests" */ = {
			isa = XCConfigurationList;
			buildConfigurations = (
				20DD5CB91F55B0520094DA65 /* Debug */,
				20DD5CBA1F55B0520094DA65 /* Release */,
			);
			defaultConfigurationIsVisible = 0;
			defaultConfigurationName = Release;
		};
		20DD5CBB1F55B0520094DA65 /* Build configuration list for PBXNativeTarget "DisplayUITests" */ = {
			isa = XCConfigurationList;
			buildConfigurations = (
				20DD5CBC1F55B0520094DA65 /* Debug */,
				20DD5CBD1F55B0520094DA65 /* Release */,
			);
			defaultConfigurationIsVisible = 0;
			defaultConfigurationName = Release;
		};
/* End XCConfigurationList section */
	};
	rootObject = 20DD5C851F55B0510094DA65 /* Project object */;
}
